
Microsoft Visual Studio Solution File, Format Version 12.00
# Visual Studio Version 16
VisualStudioVersion = 16.0.30002.166
MinimumVisualStudioVersion = 10.0.40219.1
Project("{FAE04EC0-301F-11D3-BF4B-00C04F79EFBC}") = "VSQTlkk", "VSQTlkk\VSQTlkk.csproj", "{730CDE30-E7A8-45CF-A42A-C8A3C073326C}"
EndProject
Global
	GlobalSection(SolutionConfigurationPlatforms) = preSolution
		Debug|Any CPU = Debug|Any CPU
		Release|Any CPU = Release|Any CPU
	EndGlobalSection
	GlobalSection(ProjectConfigurationPlatforms) = postSolution
		{730CDE30-E7A8-45CF-A42A-C8A3C073326C}.Debug|Any CPU.ActiveCfg = Debug|Any CPU
		{730CDE30-E7A8-45CF-A42A-C8A3C073326C}.Debug|Any CPU.Build.0 = Debug|Any CPU
		{730CDE30-E7A8-45CF-A42A-C8A3C073326C}.Release|Any CPU.ActiveCfg = Release|Any CPU
		{730CDE30-E7A8-45CF-A42A-C8A3C073326C}.Release|Any CPU.Build.0 = Release|Any CPU
	EndGlobalSection
	GlobalSection(SolutionProperties) = preSolution
		HideSolutionNode = FALSE
	EndGlobalSection
	GlobalSection(ExtensibilityGlobals) = postSolution
		SolutionGuid = {D7A702D5-E6AB-4612-A977-1EEA4BC6678A}
	EndGlobalSection
EndGlobal
